
Microsoft Visual Studio Solution File, Format Version 12.00
# Visual Studio Version 17
VisualStudioVersion = 17.2.32505.173
MinimumVisualStudioVersion = 10.0.40219.1
Project("{FAE04EC0-301F-11D3-BF4B-00C04F79EFBC}") = "ExamenPrimerParcial", "ExamenPrimerParcial.csproj", "{6770EE03-FBDA-406F-BBAA-C4592271BEFD}"
EndProject
Global
	GlobalSection(SolutionConfigurationPlatforms) = preSolution
		Debug|Any CPU = Debug|Any CPU
		Release|Any CPU = Release|Any CPU
	EndGlobalSection
	GlobalSection(ProjectConfigurationPlatforms) = postSolution
		{6770EE03-FBDA-406F-BBAA-C4592271BEFD}.Debug|Any CPU.ActiveCfg = Debug|Any CPU
		{6770EE03-FBDA-406F-BBAA-C4592271BEFD}.Debug|Any CPU.Build.0 = Debug|Any CPU
		{6770EE03-FBDA-406F-BBAA-C4592271BEFD}.Release|Any CPU.ActiveCfg = Release|Any CPU
		{6770EE03-FBDA-406F-BBAA-C4592271BEFD}.Release|Any CPU.Build.0 = Release|Any CPU
	EndGlobalSection
	GlobalSection(SolutionProperties) = preSolution
		HideSolutionNode = FALSE
	EndGlobalSection
	GlobalSection(ExtensibilityGlobals) = postSolution
		SolutionGuid = {6BBB3B20-C44D-42AE-92A9-E8A695D2DC73}
	EndGlobalSection
EndGlobal
